
Microsoft Visual Studio Solution File, Format Version 12.00
# Visual Studio Version 17
VisualStudioVersion = 17.2.32616.157
MinimumVisualStudioVersion = 10.0.40219.1
Project("{FAE04EC0-301F-11D3-BF4B-00C04F79EFBC}") = "Sasquach Forest Farms Logistics", "Sasquach Forest Farms Logistics.csproj", "{321F7EDF-EC56-464E-B170-E49A7D064FC4}"
EndProject
Global
	GlobalSection(SolutionConfigurationPlatforms) = preSolution
		Debug|Any CPU = Debug|Any CPU
		Release|Any CPU = Release|Any CPU
	EndGlobalSection
	GlobalSection(ProjectConfigurationPlatforms) = postSolution
		{321F7EDF-EC56-464E-B170-E49A7D064FC4}.Debug|Any CPU.ActiveCfg = Debug|Any CPU
		{321F7EDF-EC56-464E-B170-E49A7D064FC4}.Debug|Any CPU.Build.0 = Debug|Any CPU
		{321F7EDF-EC56-464E-B170-E49A7D064FC4}.Release|Any CPU.ActiveCfg = Release|Any CPU
		{321F7EDF-EC56-464E-B170-E49A7D064FC4}.Release|Any CPU.Build.0 = Release|Any CPU
	EndGlobalSection
	GlobalSection(SolutionProperties) = preSolution
		HideSolutionNode = FALSE
	EndGlobalSection
	GlobalSection(ExtensibilityGlobals) = postSolution
		SolutionGuid = {688A5A50-48EF-4A23-8708-01B20C4E355E}
	EndGlobalSection
EndGlobal
